
Microsoft Visual Studio Solution File, Format Version 12.00
# Visual Studio Version 17
VisualStudioVersion = 17.13.35931.197 d17.13
MinimumVisualStudioVersion = 10.0.40219.1
Project("{FAE04EC0-301F-11D3-BF4B-00C04F79EFBC}") = "EspinosaApp", "EspinosaApp\EspinosaApp.csproj", "{FD873FC2-F514-4CE9-A8D4-44EC76105E45}"
EndProject
Global
	GlobalSection(SolutionConfigurationPlatforms) = preSolution
		Debug|Any CPU = Debug|Any CPU
		Release|Any CPU = Release|Any CPU
	EndGlobalSection
	GlobalSection(ProjectConfigurationPlatforms) = postSolution
		{FD873FC2-F514-4CE9-A8D4-44EC76105E45}.Debug|Any CPU.ActiveCfg = Debug|Any CPU
		{FD873FC2-F514-4CE9-A8D4-44EC76105E45}.Debug|Any CPU.Build.0 = Debug|Any CPU
		{FD873FC2-F514-4CE9-A8D4-44EC76105E45}.Release|Any CPU.ActiveCfg = Release|Any CPU
		{FD873FC2-F514-4CE9-A8D4-44EC76105E45}.Release|Any CPU.Build.0 = Release|Any CPU
	EndGlobalSection
	GlobalSection(SolutionProperties) = preSolution
		HideSolutionNode = FALSE
	EndGlobalSection
	GlobalSection(ExtensibilityGlobals) = postSolution
		SolutionGuid = {CEDC5876-0961-422D-977A-620A92AAD4EA}
	EndGlobalSection
EndGlobal
